
Microsoft Visual Studio Solution File, Format Version 12.00
# Visual Studio 2013
Project("{FAE04EC0-301F-11D3-BF4B-00C04F79EFBC}") = "UnityVS.BeyondInfinity.CSharp", "UnityVS.BeyondInfinity.CSharp.csproj", "{67CD20CD-6048-6333-C6C8-9D705DEC7036}"
EndProject
Project("{FAE04EC0-301F-11D3-BF4B-00C04F79EFBC}") = "UnityVS.BeyondInfinity.CSharp.Editor", "UnityVS.BeyondInfinity.CSharp.Editor.csproj", "{0BF1A7A7-BE43-B781-65F7-60133BE24F2E}"
EndProject
Global
	GlobalSection(SolutionConfigurationPlatforms) = preSolution
		Debug|Any CPU = Debug|Any CPU
		Release|Any CPU = Release|Any CPU
	EndGlobalSection
	GlobalSection(ProjectConfigurationPlatforms) = postSolution
		{67CD20CD-6048-6333-C6C8-9D705DEC7036}.Debug|Any CPU.ActiveCfg = Debug|Any CPU
		{67CD20CD-6048-6333-C6C8-9D705DEC7036}.Debug|Any CPU.Build.0 = Debug|Any CPU
		{67CD20CD-6048-6333-C6C8-9D705DEC7036}.Release|Any CPU.ActiveCfg = Release|Any CPU
		{67CD20CD-6048-6333-C6C8-9D705DEC7036}.Release|Any CPU.Build.0 = Release|Any CPU
		{0BF1A7A7-BE43-B781-65F7-60133BE24F2E}.Debug|Any CPU.ActiveCfg = Debug|Any CPU
		{0BF1A7A7-BE43-B781-65F7-60133BE24F2E}.Debug|Any CPU.Build.0 = Debug|Any CPU
		{0BF1A7A7-BE43-B781-65F7-60133BE24F2E}.Release|Any CPU.ActiveCfg = Release|Any CPU
		{0BF1A7A7-BE43-B781-65F7-60133BE24F2E}.Release|Any CPU.Build.0 = Release|Any CPU
	EndGlobalSection
	GlobalSection(SolutionProperties) = preSolution
		HideSolutionNode = FALSE
	EndGlobalSection
EndGlobal
